
Microsoft Visual Studio Solution File, Format Version 12.00
# Visual Studio Version 16
VisualStudioVersion = 16.0.30002.166
MinimumVisualStudioVersion = 10.0.40219.1
Project("{9A19103F-16F7-4668-BE54-9A1E7A4F7556}") = "Fundoo", "Fundoo.csproj", "{1184F0BB-B26F-4AB4-A31A-1851D0757ECB}"
EndProject
Project("{9A19103F-16F7-4668-BE54-9A1E7A4F7556}") = "BusinessLayer", "..\BusinessLayer\BusinessLayer.csproj", "{2EA4E169-46D3-46CC-A486-CD3E1E5C5F53}"
EndProject
Project("{9A19103F-16F7-4668-BE54-9A1E7A4F7556}") = "CommonLayer", "..\CommonLayer\CommonLayer.csproj", "{DBA07494-1379-4173-B8E2-645E731A2CBF}"
EndProject
Project("{9A19103F-16F7-4668-BE54-9A1E7A4F7556}") = "RepositoryLayer", "..\RepositoryLayer\RepositoryLayer.csproj", "{00A3139F-C0BA-44F7-82EF-E4DF7862A3CA}"
EndProject
Project("{9A19103F-16F7-4668-BE54-9A1E7A4F7556}") = "Fundoo.UnitTest", "..\Fundoo.UnitTest\Fundoo.UnitTest.csproj", "{08EF1A6C-19E0-49BB-ACC9-29CE28F5F1B8}"
EndProject
Project("{FAE04EC0-301F-11D3-BF4B-00C04F79EFBC}") = "MSMQ", "..\MSMQ\MSMQ.csproj", "{808C4CB9-64B3-414C-9FE7-7B6E968A5F72}"
EndProject
Global
	GlobalSection(SolutionConfigurationPlatforms) = preSolution
		Debug|Any CPU = Debug|Any CPU
		Release|Any CPU = Release|Any CPU
	EndGlobalSection
	GlobalSection(ProjectConfigurationPlatforms) = postSolution
		{1184F0BB-B26F-4AB4-A31A-1851D0757ECB}.Debug|Any CPU.ActiveCfg = Debug|Any CPU
		{1184F0BB-B26F-4AB4-A31A-1851D0757ECB}.Debug|Any CPU.Build.0 = Debug|Any CPU
		{1184F0BB-B26F-4AB4-A31A-1851D0757ECB}.Release|Any CPU.ActiveCfg = Release|Any CPU
		{1184F0BB-B26F-4AB4-A31A-1851D0757ECB}.Release|Any CPU.Build.0 = Release|Any CPU
		{2EA4E169-46D3-46CC-A486-CD3E1E5C5F53}.Debug|Any CPU.ActiveCfg = Debug|Any CPU
		{2EA4E169-46D3-46CC-A486-CD3E1E5C5F53}.Debug|Any CPU.Build.0 = Debug|Any CPU
		{2EA4E169-46D3-46CC-A486-CD3E1E5C5F53}.Release|Any CPU.ActiveCfg = Release|Any CPU
		{2EA4E169-46D3-46CC-A486-CD3E1E5C5F53}.Release|Any CPU.Build.0 = Release|Any CPU
		{DBA07494-1379-4173-B8E2-645E731A2CBF}.Debug|Any CPU.ActiveCfg = Debug|Any CPU
		{DBA07494-1379-4173-B8E2-645E731A2CBF}.Debug|Any CPU.Build.0 = Debug|Any CPU
		{DBA07494-1379-4173-B8E2-645E731A2CBF}.Release|Any CPU.ActiveCfg = Release|Any CPU
		{DBA07494-1379-4173-B8E2-645E731A2CBF}.Release|Any CPU.Build.0 = Release|Any CPU
		{00A3139F-C0BA-44F7-82EF-E4DF7862A3CA}.Debug|Any CPU.ActiveCfg = Debug|Any CPU
		{00A3139F-C0BA-44F7-82EF-E4DF7862A3CA}.Debug|Any CPU.Build.0 = Debug|Any CPU
		{00A3139F-C0BA-44F7-82EF-E4DF7862A3CA}.Release|Any CPU.ActiveCfg = Release|Any CPU
		{00A3139F-C0BA-44F7-82EF-E4DF7862A3CA}.Release|Any CPU.Build.0 = Release|Any CPU
		{08EF1A6C-19E0-49BB-ACC9-29CE28F5F1B8}.Debug|Any CPU.ActiveCfg = Debug|Any CPU
		{08EF1A6C-19E0-49BB-ACC9-29CE28F5F1B8}.Debug|Any CPU.Build.0 = Debug|Any CPU
		{08EF1A6C-19E0-49BB-ACC9-29CE28F5F1B8}.Release|Any CPU.ActiveCfg = Release|Any CPU
		{08EF1A6C-19E0-49BB-ACC9-29CE28F5F1B8}.Release|Any CPU.Build.0 = Release|Any CPU
		{808C4CB9-64B3-414C-9FE7-7B6E968A5F72}.Debug|Any CPU.ActiveCfg = Debug|Any CPU
		{808C4CB9-64B3-414C-9FE7-7B6E968A5F72}.Debug|Any CPU.Build.0 = Debug|Any CPU
		{808C4CB9-64B3-414C-9FE7-7B6E968A5F72}.Release|Any CPU.ActiveCfg = Release|Any CPU
		{808C4CB9-64B3-414C-9FE7-7B6E968A5F72}.Release|Any CPU.Build.0 = Release|Any CPU
	EndGlobalSection
	GlobalSection(SolutionProperties) = preSolution
		HideSolutionNode = FALSE
	EndGlobalSection
	GlobalSection(ExtensibilityGlobals) = postSolution
		SolutionGuid = {1BE13B8C-B535-46A5-95F7-B0B6972D9076}
	EndGlobalSection
EndGlobal
